
Microsoft Visual Studio Solution File, Format Version 12.00
# Visual Studio 2012
Project("{FAE04EC0-301F-11D3-BF4B-00C04F79EFBC}") = "CssJsCompass-org", "CssJsCompass-org\CssJsCompass-org.csproj", "{57610570-E5A8-4830-8CDA-9442F93779D2}"
EndProject
Project("{FAE04EC0-301F-11D3-BF4B-00C04F79EFBC}") = "withAjaxMini", "withAjaxMini\withAjaxMini.csproj", "{30FB1A0A-8BDD-48C4-9698-B97C820375F6}"
EndProject
Project("{FAE04EC0-301F-11D3-BF4B-00C04F79EFBC}") = "withSquishit", "withSquishit\withSquishit.csproj", "{5453D2AA-6935-4EC4-AFEC-AB464D37D94D}"
EndProject
Project("{FAE04EC0-301F-11D3-BF4B-00C04F79EFBC}") = "withMindScapeWeb", "withMindScapeWeb\withMindScapeWeb.csproj", "{4044B141-1630-44F0-83A8-F15447C402D8}"
EndProject
Project("{FAE04EC0-301F-11D3-BF4B-00C04F79EFBC}") = "finally", "finally\finally.csproj", "{B6142818-E32E-4CDD-A591-B5BBF62AB9A9}"
EndProject
Global
	GlobalSection(SolutionConfigurationPlatforms) = preSolution
		Debug|Any CPU = Debug|Any CPU
		Release|Any CPU = Release|Any CPU
	EndGlobalSection
	GlobalSection(ProjectConfigurationPlatforms) = postSolution
		{57610570-E5A8-4830-8CDA-9442F93779D2}.Debug|Any CPU.ActiveCfg = Debug|Any CPU
		{57610570-E5A8-4830-8CDA-9442F93779D2}.Debug|Any CPU.Build.0 = Debug|Any CPU
		{57610570-E5A8-4830-8CDA-9442F93779D2}.Release|Any CPU.ActiveCfg = Release|Any CPU
		{57610570-E5A8-4830-8CDA-9442F93779D2}.Release|Any CPU.Build.0 = Release|Any CPU
		{30FB1A0A-8BDD-48C4-9698-B97C820375F6}.Debug|Any CPU.ActiveCfg = Debug|Any CPU
		{30FB1A0A-8BDD-48C4-9698-B97C820375F6}.Debug|Any CPU.Build.0 = Debug|Any CPU
		{30FB1A0A-8BDD-48C4-9698-B97C820375F6}.Release|Any CPU.ActiveCfg = Release|Any CPU
		{30FB1A0A-8BDD-48C4-9698-B97C820375F6}.Release|Any CPU.Build.0 = Release|Any CPU
		{5453D2AA-6935-4EC4-AFEC-AB464D37D94D}.Debug|Any CPU.ActiveCfg = Debug|Any CPU
		{5453D2AA-6935-4EC4-AFEC-AB464D37D94D}.Debug|Any CPU.Build.0 = Debug|Any CPU
		{5453D2AA-6935-4EC4-AFEC-AB464D37D94D}.Release|Any CPU.ActiveCfg = Release|Any CPU
		{5453D2AA-6935-4EC4-AFEC-AB464D37D94D}.Release|Any CPU.Build.0 = Release|Any CPU
		{4044B141-1630-44F0-83A8-F15447C402D8}.Debug|Any CPU.ActiveCfg = Debug|Any CPU
		{4044B141-1630-44F0-83A8-F15447C402D8}.Debug|Any CPU.Build.0 = Debug|Any CPU
		{4044B141-1630-44F0-83A8-F15447C402D8}.Release|Any CPU.ActiveCfg = Release|Any CPU
		{4044B141-1630-44F0-83A8-F15447C402D8}.Release|Any CPU.Build.0 = Release|Any CPU
		{B6142818-E32E-4CDD-A591-B5BBF62AB9A9}.Debug|Any CPU.ActiveCfg = Debug|Any CPU
		{B6142818-E32E-4CDD-A591-B5BBF62AB9A9}.Debug|Any CPU.Build.0 = Debug|Any CPU
		{B6142818-E32E-4CDD-A591-B5BBF62AB9A9}.Release|Any CPU.ActiveCfg = Release|Any CPU
		{B6142818-E32E-4CDD-A591-B5BBF62AB9A9}.Release|Any CPU.Build.0 = Release|Any CPU
	EndGlobalSection
	GlobalSection(SolutionProperties) = preSolution
		HideSolutionNode = FALSE
	EndGlobalSection
EndGlobal
